
Microsoft Visual Studio Solution File, Format Version 12.00
# Visual Studio 2013
VisualStudioVersion = 12.0.30110.0
MinimumVisualStudioVersion = 10.0.40219.1
Project("{FAE04EC0-301F-11D3-BF4B-00C04F79EFBC}") = "Plugin.IO", "WindowsPlugin\Plugin.IO.csproj", "{3CC1AB19-56CE-465E-AE29-401DCA9C3F00}"
EndProject
Project("{FAE04EC0-301F-11D3-BF4B-00C04F79EFBC}") = "Plugin.IO.WSA", "WindowsPlugin(Store)\Plugin.IO.WSA.csproj", "{EFCB8D72-64EA-44B7-AC2D-3C3267773664}"
EndProject
Project("{FAE04EC0-301F-11D3-BF4B-00C04F79EFBC}") = "Plugin.IO.WP8", "WindowsPlugin(Phone)\Plugin.IO.WP8.csproj", "{6076DDAC-2AD1-48C3-B74E-66072C328B5A}"
EndProject
Project("{FAE04EC0-301F-11D3-BF4B-00C04F79EFBC}") = "Plugin.Store", "Plugin.Store\Plugin.Store.csproj", "{5DE5CC94-B180-47A8-97B8-914B5E398486}"
EndProject
Project("{FAE04EC0-301F-11D3-BF4B-00C04F79EFBC}") = "Plugin.Store.WSA", "Plugin.Store.WSA\Plugin.Store.WSA.csproj", "{0AA78A01-12D3-48EA-9944-C5E8A5C9AAAC}"
EndProject
Project("{2150E333-8FDC-42A3-9474-1A3956D46DE8}") = "IO", "IO", "{C80CD3E7-1D03-4286-B624-5E91657AB13C}"
EndProject
Project("{2150E333-8FDC-42A3-9474-1A3956D46DE8}") = "Store", "Store", "{754B42A3-19A8-4B49-96A9-C3E93503718F}"
EndProject
Project("{FAE04EC0-301F-11D3-BF4B-00C04F79EFBC}") = "Plugin.Store.WP8", "Plugin.Store.WP8\Plugin.Store.WP8.csproj", "{D4AD2D32-EE42-4DE2-AEE8-7660C7FB3230}"
EndProject
Global
	GlobalSection(SolutionConfigurationPlatforms) = preSolution
		Debug|Any CPU = Debug|Any CPU
		Debug|ARM = Debug|ARM
		Debug|x64 = Debug|x64
		Debug|x86 = Debug|x86
		Release|Any CPU = Release|Any CPU
		Release|ARM = Release|ARM
		Release|x64 = Release|x64
		Release|x86 = Release|x86
	EndGlobalSection
	GlobalSection(ProjectConfigurationPlatforms) = postSolution
		{3CC1AB19-56CE-465E-AE29-401DCA9C3F00}.Debug|Any CPU.ActiveCfg = Debug|Any CPU
		{3CC1AB19-56CE-465E-AE29-401DCA9C3F00}.Debug|Any CPU.Build.0 = Debug|Any CPU
		{3CC1AB19-56CE-465E-AE29-401DCA9C3F00}.Debug|ARM.ActiveCfg = Debug|Any CPU
		{3CC1AB19-56CE-465E-AE29-401DCA9C3F00}.Debug|x64.ActiveCfg = Debug|Any CPU
		{3CC1AB19-56CE-465E-AE29-401DCA9C3F00}.Debug|x86.ActiveCfg = Debug|Any CPU
		{3CC1AB19-56CE-465E-AE29-401DCA9C3F00}.Release|Any CPU.ActiveCfg = Release|Any CPU
		{3CC1AB19-56CE-465E-AE29-401DCA9C3F00}.Release|Any CPU.Build.0 = Release|Any CPU
		{3CC1AB19-56CE-465E-AE29-401DCA9C3F00}.Release|ARM.ActiveCfg = Release|Any CPU
		{3CC1AB19-56CE-465E-AE29-401DCA9C3F00}.Release|x64.ActiveCfg = Release|Any CPU
		{3CC1AB19-56CE-465E-AE29-401DCA9C3F00}.Release|x86.ActiveCfg = Release|Any CPU
		{EFCB8D72-64EA-44B7-AC2D-3C3267773664}.Debug|Any CPU.ActiveCfg = Debug|Any CPU
		{EFCB8D72-64EA-44B7-AC2D-3C3267773664}.Debug|Any CPU.Build.0 = Debug|Any CPU
		{EFCB8D72-64EA-44B7-AC2D-3C3267773664}.Debug|ARM.ActiveCfg = Debug|ARM
		{EFCB8D72-64EA-44B7-AC2D-3C3267773664}.Debug|ARM.Build.0 = Debug|ARM
		{EFCB8D72-64EA-44B7-AC2D-3C3267773664}.Debug|x64.ActiveCfg = Debug|x64
		{EFCB8D72-64EA-44B7-AC2D-3C3267773664}.Debug|x64.Build.0 = Debug|x64
		{EFCB8D72-64EA-44B7-AC2D-3C3267773664}.Debug|x86.ActiveCfg = Debug|x86
		{EFCB8D72-64EA-44B7-AC2D-3C3267773664}.Debug|x86.Build.0 = Debug|x86
		{EFCB8D72-64EA-44B7-AC2D-3C3267773664}.Release|Any CPU.ActiveCfg = Release|Any CPU
		{EFCB8D72-64EA-44B7-AC2D-3C3267773664}.Release|Any CPU.Build.0 = Release|Any CPU
		{EFCB8D72-64EA-44B7-AC2D-3C3267773664}.Release|ARM.ActiveCfg = Release|ARM
		{EFCB8D72-64EA-44B7-AC2D-3C3267773664}.Release|ARM.Build.0 = Release|ARM
		{EFCB8D72-64EA-44B7-AC2D-3C3267773664}.Release|x64.ActiveCfg = Release|x64
		{EFCB8D72-64EA-44B7-AC2D-3C3267773664}.Release|x64.Build.0 = Release|x64
		{EFCB8D72-64EA-44B7-AC2D-3C3267773664}.Release|x86.ActiveCfg = Release|x86
		{EFCB8D72-64EA-44B7-AC2D-3C3267773664}.Release|x86.Build.0 = Release|x86
		{6076DDAC-2AD1-48C3-B74E-66072C328B5A}.Debug|Any CPU.ActiveCfg = Debug|Any CPU
		{6076DDAC-2AD1-48C3-B74E-66072C328B5A}.Debug|Any CPU.Build.0 = Debug|Any CPU
		{6076DDAC-2AD1-48C3-B74E-66072C328B5A}.Debug|ARM.ActiveCfg = Debug|ARM
		{6076DDAC-2AD1-48C3-B74E-66072C328B5A}.Debug|ARM.Build.0 = Debug|ARM
		{6076DDAC-2AD1-48C3-B74E-66072C328B5A}.Debug|x64.ActiveCfg = Debug|Any CPU
		{6076DDAC-2AD1-48C3-B74E-66072C328B5A}.Debug|x86.ActiveCfg = Debug|x86
		{6076DDAC-2AD1-48C3-B74E-66072C328B5A}.Debug|x86.Build.0 = Debug|x86
		{6076DDAC-2AD1-48C3-B74E-66072C328B5A}.Release|Any CPU.ActiveCfg = Release|Any CPU
		{6076DDAC-2AD1-48C3-B74E-66072C328B5A}.Release|Any CPU.Build.0 = Release|Any CPU
		{6076DDAC-2AD1-48C3-B74E-66072C328B5A}.Release|ARM.ActiveCfg = Release|ARM
		{6076DDAC-2AD1-48C3-B74E-66072C328B5A}.Release|ARM.Build.0 = Release|ARM
		{6076DDAC-2AD1-48C3-B74E-66072C328B5A}.Release|x64.ActiveCfg = Release|Any CPU
		{6076DDAC-2AD1-48C3-B74E-66072C328B5A}.Release|x86.ActiveCfg = Release|x86
		{6076DDAC-2AD1-48C3-B74E-66072C328B5A}.Release|x86.Build.0 = Release|x86
		{5DE5CC94-B180-47A8-97B8-914B5E398486}.Debug|Any CPU.ActiveCfg = Debug|Any CPU
		{5DE5CC94-B180-47A8-97B8-914B5E398486}.Debug|Any CPU.Build.0 = Debug|Any CPU
		{5DE5CC94-B180-47A8-97B8-914B5E398486}.Debug|ARM.ActiveCfg = Debug|Any CPU
		{5DE5CC94-B180-47A8-97B8-914B5E398486}.Debug|x64.ActiveCfg = Debug|Any CPU
		{5DE5CC94-B180-47A8-97B8-914B5E398486}.Debug|x86.ActiveCfg = Debug|Any CPU
		{5DE5CC94-B180-47A8-97B8-914B5E398486}.Release|Any CPU.ActiveCfg = Release|Any CPU
		{5DE5CC94-B180-47A8-97B8-914B5E398486}.Release|Any CPU.Build.0 = Release|Any CPU
		{5DE5CC94-B180-47A8-97B8-914B5E398486}.Release|ARM.ActiveCfg = Release|Any CPU
		{5DE5CC94-B180-47A8-97B8-914B5E398486}.Release|x64.ActiveCfg = Release|Any CPU
		{5DE5CC94-B180-47A8-97B8-914B5E398486}.Release|x86.ActiveCfg = Release|Any CPU
		{0AA78A01-12D3-48EA-9944-C5E8A5C9AAAC}.Debug|Any CPU.ActiveCfg = Debug|Any CPU
		{0AA78A01-12D3-48EA-9944-C5E8A5C9AAAC}.Debug|Any CPU.Build.0 = Debug|Any CPU
		{0AA78A01-12D3-48EA-9944-C5E8A5C9AAAC}.Debug|ARM.ActiveCfg = Debug|ARM
		{0AA78A01-12D3-48EA-9944-C5E8A5C9AAAC}.Debug|ARM.Build.0 = Debug|ARM
		{0AA78A01-12D3-48EA-9944-C5E8A5C9AAAC}.Debug|x64.ActiveCfg = Debug|x64
		{0AA78A01-12D3-48EA-9944-C5E8A5C9AAAC}.Debug|x64.Build.0 = Debug|x64
		{0AA78A01-12D3-48EA-9944-C5E8A5C9AAAC}.Debug|x86.ActiveCfg = Debug|x86
		{0AA78A01-12D3-48EA-9944-C5E8A5C9AAAC}.Debug|x86.Build.0 = Debug|x86
		{0AA78A01-12D3-48EA-9944-C5E8A5C9AAAC}.Release|Any CPU.ActiveCfg = Release|Any CPU
		{0AA78A01-12D3-48EA-9944-C5E8A5C9AAAC}.Release|Any CPU.Build.0 = Release|Any CPU
		{0AA78A01-12D3-48EA-9944-C5E8A5C9AAAC}.Release|ARM.ActiveCfg = Release|ARM
		{0AA78A01-12D3-48EA-9944-C5E8A5C9AAAC}.Release|ARM.Build.0 = Release|ARM
		{0AA78A01-12D3-48EA-9944-C5E8A5C9AAAC}.Release|x64.ActiveCfg = Release|x64
		{0AA78A01-12D3-48EA-9944-C5E8A5C9AAAC}.Release|x64.Build.0 = Release|x64
		{0AA78A01-12D3-48EA-9944-C5E8A5C9AAAC}.Release|x86.ActiveCfg = Release|x86
		{0AA78A01-12D3-48EA-9944-C5E8A5C9AAAC}.Release|x86.Build.0 = Release|x86
		{D4AD2D32-EE42-4DE2-AEE8-7660C7FB3230}.Debug|Any CPU.ActiveCfg = Debug|Any CPU
		{D4AD2D32-EE42-4DE2-AEE8-7660C7FB3230}.Debug|Any CPU.Build.0 = Debug|Any CPU
		{D4AD2D32-EE42-4DE2-AEE8-7660C7FB3230}.Debug|ARM.ActiveCfg = Debug|ARM
		{D4AD2D32-EE42-4DE2-AEE8-7660C7FB3230}.Debug|ARM.Build.0 = Debug|ARM
		{D4AD2D32-EE42-4DE2-AEE8-7660C7FB3230}.Debug|x64.ActiveCfg = Debug|Any CPU
		{D4AD2D32-EE42-4DE2-AEE8-7660C7FB3230}.Debug|x86.ActiveCfg = Debug|x86
		{D4AD2D32-EE42-4DE2-AEE8-7660C7FB3230}.Debug|x86.Build.0 = Debug|x86
		{D4AD2D32-EE42-4DE2-AEE8-7660C7FB3230}.Release|Any CPU.ActiveCfg = Release|Any CPU
		{D4AD2D32-EE42-4DE2-AEE8-7660C7FB3230}.Release|Any CPU.Build.0 = Release|Any CPU
		{D4AD2D32-EE42-4DE2-AEE8-7660C7FB3230}.Release|ARM.ActiveCfg = Release|ARM
		{D4AD2D32-EE42-4DE2-AEE8-7660C7FB3230}.Release|ARM.Build.0 = Release|ARM
		{D4AD2D32-EE42-4DE2-AEE8-7660C7FB3230}.Release|x64.ActiveCfg = Release|Any CPU
		{D4AD2D32-EE42-4DE2-AEE8-7660C7FB3230}.Release|x86.ActiveCfg = Release|x86
		{D4AD2D32-EE42-4DE2-AEE8-7660C7FB3230}.Release|x86.Build.0 = Release|x86
	EndGlobalSection
	GlobalSection(SolutionProperties) = preSolution
		HideSolutionNode = FALSE
	EndGlobalSection
	GlobalSection(NestedProjects) = preSolution
		{3CC1AB19-56CE-465E-AE29-401DCA9C3F00} = {C80CD3E7-1D03-4286-B624-5E91657AB13C}
		{6076DDAC-2AD1-48C3-B74E-66072C328B5A} = {C80CD3E7-1D03-4286-B624-5E91657AB13C}
		{EFCB8D72-64EA-44B7-AC2D-3C3267773664} = {C80CD3E7-1D03-4286-B624-5E91657AB13C}
		{5DE5CC94-B180-47A8-97B8-914B5E398486} = {754B42A3-19A8-4B49-96A9-C3E93503718F}
		{0AA78A01-12D3-48EA-9944-C5E8A5C9AAAC} = {754B42A3-19A8-4B49-96A9-C3E93503718F}
		{D4AD2D32-EE42-4DE2-AEE8-7660C7FB3230} = {754B42A3-19A8-4B49-96A9-C3E93503718F}
	EndGlobalSection
EndGlobal
